
Microsoft Visual Studio Solution File, Format Version 12.00
# Visual Studio 15
VisualStudioVersion = 15.0.27130.2024
MinimumVisualStudioVersion = 10.0.40219.1
Project("{8BC9CEB8-8B4A-11D0-8D11-00A0C91BC942}") = "CA1X00111602", "CA1X00111602\CA1X00111602.vcxproj", "{0420134F-E264-47E0-B96E-356B8C2FC70E}"
EndProject
Global
	GlobalSection(SolutionConfigurationPlatforms) = preSolution
		Debug|x64 = Debug|x64
		Debug|x86 = Debug|x86
		Release|x64 = Release|x64
		Release|x86 = Release|x86
	EndGlobalSection
	GlobalSection(ProjectConfigurationPlatforms) = postSolution
		{0420134F-E264-47E0-B96E-356B8C2FC70E}.Debug|x64.ActiveCfg = Debug|x64
		{0420134F-E264-47E0-B96E-356B8C2FC70E}.Debug|x64.Build.0 = Debug|x64
		{0420134F-E264-47E0-B96E-356B8C2FC70E}.Debug|x86.ActiveCfg = Debug|Win32
		{0420134F-E264-47E0-B96E-356B8C2FC70E}.Debug|x86.Build.0 = Debug|Win32
		{0420134F-E264-47E0-B96E-356B8C2FC70E}.Release|x64.ActiveCfg = Release|x64
		{0420134F-E264-47E0-B96E-356B8C2FC70E}.Release|x64.Build.0 = Release|x64
		{0420134F-E264-47E0-B96E-356B8C2FC70E}.Release|x86.ActiveCfg = Release|Win32
		{0420134F-E264-47E0-B96E-356B8C2FC70E}.Release|x86.Build.0 = Release|Win32
	EndGlobalSection
	GlobalSection(SolutionProperties) = preSolution
		HideSolutionNode = FALSE
	EndGlobalSection
	GlobalSection(ExtensibilityGlobals) = postSolution
		SolutionGuid = {952B7F87-AC0A-4413-80F3-B7E81733F724}
	EndGlobalSection
EndGlobal
